
Microsoft Visual Studio Solution File, Format Version 12.00
# Visual Studio Version 17
VisualStudioVersion = 17.11.35222.181
MinimumVisualStudioVersion = 10.0.40219.1
Project("{FAE04EC0-301F-11D3-BF4B-00C04F79EFBC}") = "homework4 tic tac toe", "homework4 tic tac toe\homework4 tic tac toe.csproj", "{4382510C-30FE-4260-8D99-C8692815A0AF}"
EndProject
Global
	GlobalSection(SolutionConfigurationPlatforms) = preSolution
		Debug|Any CPU = Debug|Any CPU
		Release|Any CPU = Release|Any CPU
	EndGlobalSection
	GlobalSection(ProjectConfigurationPlatforms) = postSolution
		{4382510C-30FE-4260-8D99-C8692815A0AF}.Debug|Any CPU.ActiveCfg = Debug|Any CPU
		{4382510C-30FE-4260-8D99-C8692815A0AF}.Debug|Any CPU.Build.0 = Debug|Any CPU
		{4382510C-30FE-4260-8D99-C8692815A0AF}.Release|Any CPU.ActiveCfg = Release|Any CPU
		{4382510C-30FE-4260-8D99-C8692815A0AF}.Release|Any CPU.Build.0 = Release|Any CPU
	EndGlobalSection
	GlobalSection(SolutionProperties) = preSolution
		HideSolutionNode = FALSE
	EndGlobalSection
	GlobalSection(ExtensibilityGlobals) = postSolution
		SolutionGuid = {C271932B-F2AA-4B1A-83FF-7B031EC0270D}
	EndGlobalSection
EndGlobal
