
Microsoft Visual Studio Solution File, Format Version 12.00
# Visual Studio Version 17
VisualStudioVersion = 17.11.35222.181
MinimumVisualStudioVersion = 10.0.40219.1
Project("{FAE04EC0-301F-11D3-BF4B-00C04F79EFBC}") = "homework7 automation first steps", "homework7 automation first steps\homework7 automation first steps.csproj", "{420D1EA3-2713-4642-83DE-821B9BA4C23D}"
EndProject
Global
	GlobalSection(SolutionConfigurationPlatforms) = preSolution
		Debug|Any CPU = Debug|Any CPU
		Release|Any CPU = Release|Any CPU
	EndGlobalSection
	GlobalSection(ProjectConfigurationPlatforms) = postSolution
		{420D1EA3-2713-4642-83DE-821B9BA4C23D}.Debug|Any CPU.ActiveCfg = Debug|Any CPU
		{420D1EA3-2713-4642-83DE-821B9BA4C23D}.Debug|Any CPU.Build.0 = Debug|Any CPU
		{420D1EA3-2713-4642-83DE-821B9BA4C23D}.Release|Any CPU.ActiveCfg = Release|Any CPU
		{420D1EA3-2713-4642-83DE-821B9BA4C23D}.Release|Any CPU.Build.0 = Release|Any CPU
	EndGlobalSection
	GlobalSection(SolutionProperties) = preSolution
		HideSolutionNode = FALSE
	EndGlobalSection
	GlobalSection(ExtensibilityGlobals) = postSolution
		SolutionGuid = {59F89994-1E0B-4E21-84F0-12C2C748D02F}
	EndGlobalSection
EndGlobal
