
Microsoft Visual Studio Solution File, Format Version 12.00
# Visual Studio Version 17
VisualStudioVersion = 17.11.35222.181
MinimumVisualStudioVersion = 10.0.40219.1
Project("{FAE04EC0-301F-11D3-BF4B-00C04F79EFBC}") = "homework 6 turn based combat", "homework 6 turn based combat\homework 6 turn based combat.csproj", "{CF161236-2835-4AD2-A9CC-EB7A756FBC43}"
EndProject
Global
	GlobalSection(SolutionConfigurationPlatforms) = preSolution
		Debug|Any CPU = Debug|Any CPU
		Release|Any CPU = Release|Any CPU
	EndGlobalSection
	GlobalSection(ProjectConfigurationPlatforms) = postSolution
		{CF161236-2835-4AD2-A9CC-EB7A756FBC43}.Debug|Any CPU.ActiveCfg = Debug|Any CPU
		{CF161236-2835-4AD2-A9CC-EB7A756FBC43}.Debug|Any CPU.Build.0 = Debug|Any CPU
		{CF161236-2835-4AD2-A9CC-EB7A756FBC43}.Release|Any CPU.ActiveCfg = Release|Any CPU
		{CF161236-2835-4AD2-A9CC-EB7A756FBC43}.Release|Any CPU.Build.0 = Release|Any CPU
	EndGlobalSection
	GlobalSection(SolutionProperties) = preSolution
		HideSolutionNode = FALSE
	EndGlobalSection
	GlobalSection(ExtensibilityGlobals) = postSolution
		SolutionGuid = {3A8FA8AC-DE0F-41A7-96F1-64D157E4C9BF}
	EndGlobalSection
EndGlobal
