
Microsoft Visual Studio Solution File, Format Version 12.00
# Visual Studio Version 17
VisualStudioVersion = 17.11.35222.181
MinimumVisualStudioVersion = 10.0.40219.1
Project("{FAE04EC0-301F-11D3-BF4B-00C04F79EFBC}") = "homework2 switch loop", "homework2 switch loop\homework2 switch loop.csproj", "{39DEF05D-8F22-4047-85F6-EDC71A7D8A03}"
EndProject
Global
	GlobalSection(SolutionConfigurationPlatforms) = preSolution
		Debug|Any CPU = Debug|Any CPU
		Release|Any CPU = Release|Any CPU
	EndGlobalSection
	GlobalSection(ProjectConfigurationPlatforms) = postSolution
		{39DEF05D-8F22-4047-85F6-EDC71A7D8A03}.Debug|Any CPU.ActiveCfg = Debug|Any CPU
		{39DEF05D-8F22-4047-85F6-EDC71A7D8A03}.Debug|Any CPU.Build.0 = Debug|Any CPU
		{39DEF05D-8F22-4047-85F6-EDC71A7D8A03}.Release|Any CPU.ActiveCfg = Release|Any CPU
		{39DEF05D-8F22-4047-85F6-EDC71A7D8A03}.Release|Any CPU.Build.0 = Release|Any CPU
	EndGlobalSection
	GlobalSection(SolutionProperties) = preSolution
		HideSolutionNode = FALSE
	EndGlobalSection
	GlobalSection(ExtensibilityGlobals) = postSolution
		SolutionGuid = {C0E8DAAB-374F-4870-8EBB-1C43884226FD}
	EndGlobalSection
EndGlobal
